
Microsoft Visual Studio Solution File, Format Version 12.00
# Visual Studio Version 17
VisualStudioVersion = 17.6.33815.320
MinimumVisualStudioVersion = 10.0.40219.1
Project("{FAE04EC0-301F-11D3-BF4B-00C04F79EFBC}") = "App3.Android", "App3.Android\App3.Android.csproj", "{CED6CA68-F8F7-499B-8EA3-63E0149D1113}"
EndProject
Project("{FAE04EC0-301F-11D3-BF4B-00C04F79EFBC}") = "App3.iOS", "App3.iOS\App3.iOS.csproj", "{D5728557-6C34-4EAE-B5A0-692E806B15DA}"
EndProject
Project("{FAE04EC0-301F-11D3-BF4B-00C04F79EFBC}") = "App3", "App3\App3.csproj", "{33D4ADBE-4A3C-465F-9953-3B5A5B93CE83}"
EndProject
Global
	GlobalSection(SolutionConfigurationPlatforms) = preSolution
		Debug|Any CPU = Debug|Any CPU
		Debug|iPhone = Debug|iPhone
		Debug|iPhoneSimulator = Debug|iPhoneSimulator
		Release|Any CPU = Release|Any CPU
		Release|iPhone = Release|iPhone
		Release|iPhoneSimulator = Release|iPhoneSimulator
	EndGlobalSection
	GlobalSection(ProjectConfigurationPlatforms) = postSolution
		{CED6CA68-F8F7-499B-8EA3-63E0149D1113}.Debug|Any CPU.ActiveCfg = Debug|Any CPU
		{CED6CA68-F8F7-499B-8EA3-63E0149D1113}.Debug|Any CPU.Build.0 = Debug|Any CPU
		{CED6CA68-F8F7-499B-8EA3-63E0149D1113}.Debug|Any CPU.Deploy.0 = Debug|Any CPU
		{CED6CA68-F8F7-499B-8EA3-63E0149D1113}.Debug|iPhone.ActiveCfg = Debug|Any CPU
		{CED6CA68-F8F7-499B-8EA3-63E0149D1113}.Debug|iPhone.Build.0 = Debug|Any CPU
		{CED6CA68-F8F7-499B-8EA3-63E0149D1113}.Debug|iPhone.Deploy.0 = Debug|Any CPU
		{CED6CA68-F8F7-499B-8EA3-63E0149D1113}.Debug|iPhoneSimulator.ActiveCfg = Debug|Any CPU
		{CED6CA68-F8F7-499B-8EA3-63E0149D1113}.Debug|iPhoneSimulator.Build.0 = Debug|Any CPU
		{CED6CA68-F8F7-499B-8EA3-63E0149D1113}.Debug|iPhoneSimulator.Deploy.0 = Debug|Any CPU
		{CED6CA68-F8F7-499B-8EA3-63E0149D1113}.Release|Any CPU.ActiveCfg = Release|Any CPU
		{CED6CA68-F8F7-499B-8EA3-63E0149D1113}.Release|Any CPU.Build.0 = Release|Any CPU
		{CED6CA68-F8F7-499B-8EA3-63E0149D1113}.Release|Any CPU.Deploy.0 = Release|Any CPU
		{CED6CA68-F8F7-499B-8EA3-63E0149D1113}.Release|iPhone.ActiveCfg = Release|Any CPU
		{CED6CA68-F8F7-499B-8EA3-63E0149D1113}.Release|iPhone.Build.0 = Release|Any CPU
		{CED6CA68-F8F7-499B-8EA3-63E0149D1113}.Release|iPhone.Deploy.0 = Release|Any CPU
		{CED6CA68-F8F7-499B-8EA3-63E0149D1113}.Release|iPhoneSimulator.ActiveCfg = Release|Any CPU
		{CED6CA68-F8F7-499B-8EA3-63E0149D1113}.Release|iPhoneSimulator.Build.0 = Release|Any CPU
		{CED6CA68-F8F7-499B-8EA3-63E0149D1113}.Release|iPhoneSimulator.Deploy.0 = Release|Any CPU
		{D5728557-6C34-4EAE-B5A0-692E806B15DA}.Debug|Any CPU.ActiveCfg = Debug|iPhone
		{D5728557-6C34-4EAE-B5A0-692E806B15DA}.Debug|Any CPU.Build.0 = Debug|iPhone
		{D5728557-6C34-4EAE-B5A0-692E806B15DA}.Debug|Any CPU.Deploy.0 = Debug|iPhone
		{D5728557-6C34-4EAE-B5A0-692E806B15DA}.Debug|iPhone.ActiveCfg = Debug|iPhone
		{D5728557-6C34-4EAE-B5A0-692E806B15DA}.Debug|iPhone.Build.0 = Debug|iPhone
		{D5728557-6C34-4EAE-B5A0-692E806B15DA}.Debug|iPhone.Deploy.0 = Debug|iPhone
		{D5728557-6C34-4EAE-B5A0-692E806B15DA}.Debug|iPhoneSimulator.ActiveCfg = Debug|iPhoneSimulator
		{D5728557-6C34-4EAE-B5A0-692E806B15DA}.Debug|iPhoneSimulator.Build.0 = Debug|iPhoneSimulator
		{D5728557-6C34-4EAE-B5A0-692E806B15DA}.Debug|iPhoneSimulator.Deploy.0 = Debug|iPhoneSimulator
		{D5728557-6C34-4EAE-B5A0-692E806B15DA}.Release|Any CPU.ActiveCfg = Release|iPhoneSimulator
		{D5728557-6C34-4EAE-B5A0-692E806B15DA}.Release|Any CPU.Build.0 = Release|iPhoneSimulator
		{D5728557-6C34-4EAE-B5A0-692E806B15DA}.Release|Any CPU.Deploy.0 = Release|iPhoneSimulator
		{D5728557-6C34-4EAE-B5A0-692E806B15DA}.Release|iPhone.ActiveCfg = Release|iPhone
		{D5728557-6C34-4EAE-B5A0-692E806B15DA}.Release|iPhone.Build.0 = Release|iPhone
		{D5728557-6C34-4EAE-B5A0-692E806B15DA}.Release|iPhone.Deploy.0 = Release|iPhone
		{D5728557-6C34-4EAE-B5A0-692E806B15DA}.Release|iPhoneSimulator.ActiveCfg = Release|iPhoneSimulator
		{D5728557-6C34-4EAE-B5A0-692E806B15DA}.Release|iPhoneSimulator.Build.0 = Release|iPhoneSimulator
		{D5728557-6C34-4EAE-B5A0-692E806B15DA}.Release|iPhoneSimulator.Deploy.0 = Release|iPhoneSimulator
		{33D4ADBE-4A3C-465F-9953-3B5A5B93CE83}.Debug|Any CPU.ActiveCfg = Debug|Any CPU
		{33D4ADBE-4A3C-465F-9953-3B5A5B93CE83}.Debug|Any CPU.Build.0 = Debug|Any CPU
		{33D4ADBE-4A3C-465F-9953-3B5A5B93CE83}.Debug|Any CPU.Deploy.0 = Debug|Any CPU
		{33D4ADBE-4A3C-465F-9953-3B5A5B93CE83}.Debug|iPhone.ActiveCfg = Debug|Any CPU
		{33D4ADBE-4A3C-465F-9953-3B5A5B93CE83}.Debug|iPhone.Build.0 = Debug|Any CPU
		{33D4ADBE-4A3C-465F-9953-3B5A5B93CE83}.Debug|iPhone.Deploy.0 = Debug|Any CPU
		{33D4ADBE-4A3C-465F-9953-3B5A5B93CE83}.Debug|iPhoneSimulator.ActiveCfg = Debug|Any CPU
		{33D4ADBE-4A3C-465F-9953-3B5A5B93CE83}.Debug|iPhoneSimulator.Build.0 = Debug|Any CPU
		{33D4ADBE-4A3C-465F-9953-3B5A5B93CE83}.Debug|iPhoneSimulator.Deploy.0 = Debug|Any CPU
		{33D4ADBE-4A3C-465F-9953-3B5A5B93CE83}.Release|Any CPU.ActiveCfg = Release|Any CPU
		{33D4ADBE-4A3C-465F-9953-3B5A5B93CE83}.Release|Any CPU.Build.0 = Release|Any CPU
		{33D4ADBE-4A3C-465F-9953-3B5A5B93CE83}.Release|Any CPU.Deploy.0 = Release|Any CPU
		{33D4ADBE-4A3C-465F-9953-3B5A5B93CE83}.Release|iPhone.ActiveCfg = Release|Any CPU
		{33D4ADBE-4A3C-465F-9953-3B5A5B93CE83}.Release|iPhone.Build.0 = Release|Any CPU
		{33D4ADBE-4A3C-465F-9953-3B5A5B93CE83}.Release|iPhone.Deploy.0 = Release|Any CPU
		{33D4ADBE-4A3C-465F-9953-3B5A5B93CE83}.Release|iPhoneSimulator.ActiveCfg = Release|Any CPU
		{33D4ADBE-4A3C-465F-9953-3B5A5B93CE83}.Release|iPhoneSimulator.Build.0 = Release|Any CPU
		{33D4ADBE-4A3C-465F-9953-3B5A5B93CE83}.Release|iPhoneSimulator.Deploy.0 = Release|Any CPU
	EndGlobalSection
	GlobalSection(SolutionProperties) = preSolution
		HideSolutionNode = FALSE
	EndGlobalSection
	GlobalSection(ExtensibilityGlobals) = postSolution
		SolutionGuid = {A3B063C8-CAF7-4293-834B-032F336C376A}
	EndGlobalSection
EndGlobal
